
Microsoft Visual Studio Solution File, Format Version 12.00
# Visual Studio Version 16
VisualStudioVersion = 16.0.31313.79
MinimumVisualStudioVersion = 10.0.40219.1
Project("{FAE04EC0-301F-11D3-BF4B-00C04F79EFBC}") = "Projeto3", "Projeto3\Projeto3.csproj", "{CED7F9D0-71F1-427C-9B62-EC7CD1AB5FD9}"
EndProject
Global
	GlobalSection(SolutionConfigurationPlatforms) = preSolution
		Debug|Any CPU = Debug|Any CPU
		Release|Any CPU = Release|Any CPU
	EndGlobalSection
	GlobalSection(ProjectConfigurationPlatforms) = postSolution
		{CED7F9D0-71F1-427C-9B62-EC7CD1AB5FD9}.Debug|Any CPU.ActiveCfg = Debug|Any CPU
		{CED7F9D0-71F1-427C-9B62-EC7CD1AB5FD9}.Debug|Any CPU.Build.0 = Debug|Any CPU
		{CED7F9D0-71F1-427C-9B62-EC7CD1AB5FD9}.Release|Any CPU.ActiveCfg = Release|Any CPU
		{CED7F9D0-71F1-427C-9B62-EC7CD1AB5FD9}.Release|Any CPU.Build.0 = Release|Any CPU
	EndGlobalSection
	GlobalSection(SolutionProperties) = preSolution
		HideSolutionNode = FALSE
	EndGlobalSection
	GlobalSection(ExtensibilityGlobals) = postSolution
		SolutionGuid = {FC2DD369-47C7-4D05-BB00-E2FD37F85803}
	EndGlobalSection
EndGlobal
